
Microsoft Visual Studio Solution File, Format Version 12.00
# Visual Studio Version 16
VisualStudioVersion = 25.0.1705.4
MinimumVisualStudioVersion = 10.0.40219.1
Project("{FAE04EC0-301F-11D3-BF4B-00C04F79EFBC}") = "gamezone-api", "gamezone-api\gamezone-api.csproj", "{D1C47659-DDB1-4F81-8B32-50D2F1F78E5A}"
EndProject
Project("{FAE04EC0-301F-11D3-BF4B-00C04F79EFBC}") = "gamezone-tests", "gamezone-tests\gamezone-tests.csproj", "{DA7052A6-5BA2-4DCF-9683-7D0882DD6A71}"
EndProject
Project("{FAE04EC0-301F-11D3-BF4B-00C04F79EFBC}") = "gamezone-migration", "gamezone-migration\gamezone-migration.csproj", "{10A564C1-AC19-4760-9BE1-C9BDB297161E}"
EndProject
Project("{2150E333-8FDC-42A3-9474-1A3956D46DE8}") = "Solution Items", "Solution Items", "{4D2A7AA2-A758-428F-82ED-6BA9AEFD4ED4}"
	ProjectSection(SolutionItems) = preProject
		db.env = db.env
		docker-compose.yml = docker-compose.yml
		docker-entrypoint.sh = docker-entrypoint.sh
		Dockerfile = Dockerfile
		.env = .env
	EndProjectSection
EndProject
Global
	GlobalSection(SolutionConfigurationPlatforms) = preSolution
		Debug|Any CPU = Debug|Any CPU
		Release|Any CPU = Release|Any CPU
	EndGlobalSection
	GlobalSection(ProjectConfigurationPlatforms) = postSolution
		{D1C47659-DDB1-4F81-8B32-50D2F1F78E5A}.Debug|Any CPU.ActiveCfg = Debug|Any CPU
		{D1C47659-DDB1-4F81-8B32-50D2F1F78E5A}.Debug|Any CPU.Build.0 = Debug|Any CPU
		{D1C47659-DDB1-4F81-8B32-50D2F1F78E5A}.Release|Any CPU.ActiveCfg = Release|Any CPU
		{D1C47659-DDB1-4F81-8B32-50D2F1F78E5A}.Release|Any CPU.Build.0 = Release|Any CPU
		{DA7052A6-5BA2-4DCF-9683-7D0882DD6A71}.Debug|Any CPU.ActiveCfg = Debug|Any CPU
		{DA7052A6-5BA2-4DCF-9683-7D0882DD6A71}.Debug|Any CPU.Build.0 = Debug|Any CPU
		{DA7052A6-5BA2-4DCF-9683-7D0882DD6A71}.Release|Any CPU.ActiveCfg = Release|Any CPU
		{DA7052A6-5BA2-4DCF-9683-7D0882DD6A71}.Release|Any CPU.Build.0 = Release|Any CPU
		{10A564C1-AC19-4760-9BE1-C9BDB297161E}.Debug|Any CPU.ActiveCfg = Debug|Any CPU
		{10A564C1-AC19-4760-9BE1-C9BDB297161E}.Debug|Any CPU.Build.0 = Debug|Any CPU
		{10A564C1-AC19-4760-9BE1-C9BDB297161E}.Release|Any CPU.ActiveCfg = Release|Any CPU
		{10A564C1-AC19-4760-9BE1-C9BDB297161E}.Release|Any CPU.Build.0 = Release|Any CPU
	EndGlobalSection
	GlobalSection(SolutionProperties) = preSolution
		HideSolutionNode = FALSE
	EndGlobalSection
	GlobalSection(ExtensibilityGlobals) = postSolution
		SolutionGuid = {710BE745-F4D6-4C32-8F8A-3A971103E7DB}
	EndGlobalSection
EndGlobal
